// !$*UTF8*$!
{
	archiveVersion = 1;
	classes = {
	};
	objectVersion = 46;
	objects = {

/* Begin PBXBuildFile section */
		8559B6211B8C749500896CFC /* main.m in Sources */ = {isa = PBXBuildFile; fileRef = 8559B6201B8C749500896CFC /* main.m */; };
		8559B6241B8C749500896CFC /* AppDelegate.m in Sources */ = {isa = PBXBuildFile; fileRef = 8559B6231B8C749500896CFC /* AppDelegate.m */; };
		8559B6261B8C749500896CFC /* Images.xcassets in Resources */ = {isa = PBXBuildFile; fileRef = 8559B6251B8C749500896CFC /* Images.xcassets */; };
		8559B6291B8C749500896CFC /* LaunchScreen.xib in Resources */ = {isa = PBXBuildFile; fileRef = 8559B6271B8C749500896CFC /* LaunchScreen.xib */; };
		8559B6351B8C749500896CFC /* UI____1_0Tests.m in Sources */ = {isa = PBXBuildFile; fileRef = 8559B6341B8C749500896CFC /* UI____1_0Tests.m */; };
/* End PBXBuildFile section */

/* Begin PBXContainerItemProxy section */
		8559B62F1B8C749500896CFC /* PBXContainerItemProxy */ = {
			isa = PBXContainerItemProxy;
			containerPortal = 8559B6131B8C749500896CFC /* Project object */;
			proxyType = 1;
			remoteGlobalIDString = 8559B61A1B8C749500896CFC;
			remoteInfo = "UI_通讯录1.0";
		};
/* End PBXContainerItemProxy section */

/* Begin PBXFileReference section */
		8559B61B1B8C749500896CFC /* UI_通讯录1.0.app */ = {isa = PBXFileReference; explicitFileType = wrapper.application; includeInIndex = 0; path = "UI_通讯录1.0.app"; sourceTree = BUILT_PRODUCTS_DIR; };
		8559B61F1B8C749500896CFC /* Info.plist */ = {isa = PBXFileReference; lastKnownFileType = text.plist.xml; path = Info.plist; sourceTree = "<group>"; };
		8559B6201B8C749500896CFC /* main.m */ = {isa = PBXFileReference; lastKnownFileType = sourcecode.c.objc; path = main.m; sourceTree = "<group>"; };
		8559B6221B8C749500896CFC /* AppDelegate.h */ = {isa = PBXFileReference; lastKnownFileType = sourcecode.c.h; path = AppDelegate.h; sourceTree = "<group>"; };
		8559B6231B8C749500896CFC /* AppDelegate.m */ = {isa = PBXFileReference; lastKnownFileType = sourcecode.c.objc; path = AppDelegate.m; sourceTree = "<group>"; };
		8559B6251B8C749500896CFC /* Images.xcassets */ = {isa = PBXFileReference; lastKnownFileType = folder.assetcatalog; path = Images.xcassets; sourceTree = "<group>"; };
		8559B6281B8C749500896CFC /* Base */ = {isa = PBXFileReference; lastKnownFileType = file.xib; name = Base; path = Base.lproj/LaunchScreen.xib; sourceTree = "<group>"; };
		8559B62E1B8C749500896CFC /* UI_通讯录1.0Tests.xctest */ = {isa = PBXFileReference; explicitFileType = wrapper.cfbundle; includeInIndex = 0; path = "UI_通讯录1.0Tests.xctest"; sourceTree = BUILT_PRODUCTS_DIR; };
		8559B6331B8C749500896CFC /* Info.plist */ = {isa = PBXFileReference; lastKnownFileType = text.plist.xml; path = Info.plist; sourceTree = "<group>"; };
		8559B6341B8C749500896CFC /* UI____1_0Tests.m */ = {isa = PBXFileReference; lastKnownFileType = sourcecode.c.objc; path = "UI____1_0Tests.m"; sourceTree = "<group>"; };
/* End PBXFileReference section */

/* Begin PBXFrameworksBuildPhase section */
		8559B6181B8C749500896CFC /* Frameworks */ = {
			isa = PBXFrameworksBuildPhase;
			buildActionMask = 2147483647;
			files = (
			);
			runOnlyForDeploymentPostprocessing = 0;
		};
		8559B62B1B8C749500896CFC /* Frameworks */ = {
			isa = PBXFrameworksBuildPhase;
			buildActionMask = 2147483647;
			files = (
			);
			runOnlyForDeploymentPostprocessing = 0;
		};
/* End PBXFrameworksBuildPhase section */

/* Begin PBXGroup section */
		8559B6121B8C749500896CFC = {
			isa = PBXGroup;
			children = (
				8559B61D1B8C749500896CFC /* UI_通讯录1.0 */,
				8559B6311B8C749500896CFC /* UI_通讯录1.0Tests */,
				8559B61C1B8C749500896CFC /* Products */,
			);
			sourceTree = "<group>";
		};
		8559B61C1B8C749500896CFC /* Products */ = {
			isa = PBXGroup;
			children = (
				8559B61B1B8C749500896CFC /* UI_通讯录1.0.app */,
				8559B62E1B8C749500896CFC /* UI_通讯录1.0Tests.xctest */,
			);
			name = Products;
			sourceTree = "<group>";
		};
		8559B61D1B8C749500896CFC /* UI_通讯录1.0 */ = {
			isa = PBXGroup;
			children = (
				8559B6221B8C749500896CFC /* AppDelegate.h */,
				8559B6231B8C749500896CFC /* AppDelegate.m */,
				8559B6251B8C749500896CFC /* Images.xcassets */,
				8559B6271B8C749500896CFC /* LaunchScreen.xib */,
				8559B61E1B8C749500896CFC /* Supporting Files */,
			);
			path = "UI_通讯录1.0";
			sourceTree = "<group>";
		};
		8559B61E1B8C749500896CFC /* Supporting Files */ = {
			isa = PBXGroup;
			children = (
				8559B61F1B8C749500896CFC /* Info.plist */,
				8559B6201B8C749500896CFC /* main.m */,
			);
			name = "Supporting Files";
			sourceTree = "<group>";
		};
		8559B6311B8C749500896CFC /* UI_通讯录1.0Tests */ = {
			isa = PBXGroup;
			children = (
				8559B6341B8C749500896CFC /* UI____1_0Tests.m */,
				8559B6321B8C749500896CFC /* Supporting Files */,
			);
			path = "UI_通讯录1.0Tests";
			sourceTree = "<group>";
		};
		8559B6321B8C749500896CFC /* Supporting Files */ = {
			isa = PBXGroup;
			children = (
				8559B6331B8C749500896CFC /* Info.plist */,
			);
			name = "Supporting Files";
			sourceTree = "<group>";
		};
/* End PBXGroup section */

/* Begin PBXNativeTarget section */
		8559B61A1B8C749500896CFC /* UI_通讯录1.0 */ = {
			isa = PBXNativeTarget;
			buildConfigurationList = 8559B6381B8C749500896CFC /* Build configuration list for PBXNativeTarget "UI_通讯录1.0" */;
			buildPhases = (
				8559B6171B8C749500896CFC /* Sources */,
				8559B6181B8C749500896CFC /* Frameworks */,
				8559B6191B8C749500896CFC /* Resources */,
			);
			buildRules = (
			);
			dependencies = (
			);
			name = "UI_通讯录1.0";
			productName = "UI_通讯录1.0";
			productReference = 8559B61B1B8C749500896CFC /* UI_通讯录1.0.app */;
			productType = "com.apple.product-type.application";
		};
		8559B62D1B8C749500896CFC /* UI_通讯录1.0Tests */ = {
			isa = PBXNativeTarget;
			buildConfigurationList = 8559B63B1B8C749500896CFC /* Build configuration list for PBXNativeTarget "UI_通讯录1.0Tests" */;
			buildPhases = (
				8559B62A1B8C749500896CFC /* Sources */,
				8559B62B1B8C749500896CFC /* Frameworks */,
				8559B62C1B8C749500896CFC /* Resources */,
			);
			buildRules = (
			);
			dependencies = (
				8559B6301B8C749500896CFC /* PBXTargetDependency */,
			);
			name = "UI_通讯录1.0Tests";
			productName = "UI_通讯录1.0Tests";
			productReference = 8559B62E1B8C749500896CFC /* UI_通讯录1.0Tests.xctest */;
			productType = "com.apple.product-type.bundle.unit-test";
		};
/* End PBXNativeTarget section */

/* Begin PBXProject section */
		8559B6131B8C749500896CFC /* Project object */ = {
			isa = PBXProject;
			attributes = {
				LastUpgradeCheck = 0640;
				ORGANIZATIONNAME = "邱文辉";
				TargetAttributes = {
					8559B61A1B8C749500896CFC = {
						CreatedOnToolsVersion = 6.4;
					};
					8559B62D1B8C749500896CFC = {
						CreatedOnToolsVersion = 6.4;
						TestTargetID = 8559B61A1B8C749500896CFC;
					};
				};
			};
			buildConfigurationList = 8559B6161B8C749500896CFC /* Build configuration list for PBXProject "UI_通讯录1.0" */;
			compatibilityVersion = "Xcode 3.2";
			developmentRegion = English;
			hasScannedForEncodings = 0;
			knownRegions = (
				en,
				Base,
			);
			mainGroup = 8559B6121B8C749500896CFC;
			productRefGroup = 8559B61C1B8C749500896CFC /* Products */;
			projectDirPath = "";
			projectRoot = "";
			targets = (
				8559B61A1B8C749500896CFC /* UI_通讯录1.0 */,
				8559B62D1B8C749500896CFC /* UI_通讯录1.0Tests */,
			);
		};
/* End PBXProject section */

/* Begin PBXResourcesBuildPhase section */
		8559B6191B8C749500896CFC /* Resources */ = {
			isa = PBXResourcesBuildPhase;
			buildActionMask = 2147483647;
			files = (
				8559B6291B8C749500896CFC /* LaunchScreen.xib in Resources */,
				8559B6261B8C749500896CFC /* Images.xcassets in Resources */,
			);
			runOnlyForDeploymentPostprocessing = 0;
		};
		8559B62C1B8C749500896CFC /* Resources */ = {
			isa = PBXResourcesBuildPhase;
			buildActionMask = 2147483647;
			files = (
			);
			runOnlyForDeploymentPostprocessing = 0;
		};
/* End PBXResourcesBuildPhase section */

/* Begin PBXSourcesBuildPhase section */
		8559B6171B8C749500896CFC /* Sources */ = {
			isa = PBXSourcesBuildPhase;
			buildActionMask = 2147483647;
			files = (
				8559B6241B8C749500896CFC /* AppDelegate.m in Sources */,
				8559B6211B8C749500896CFC /* main.m in Sources */,
			);
			runOnlyForDeploymentPostprocessing = 0;
		};
		8559B62A1B8C749500896CFC /* Sources */ = {
			isa = PBXSourcesBuildPhase;
			buildActionMask = 2147483647;
			files = (
				8559B6351B8C749500896CFC /* UI____1_0Tests.m in Sources */,
			);
			runOnlyForDeploymentPostprocessing = 0;
		};
/* End PBXSourcesBuildPhase section */

/* Begin PBXTargetDependency section */
		8559B6301B8C749500896CFC /* PBXTargetDependency */ = {
			isa = PBXTargetDependency;
			target = 8559B61A1B8C749500896CFC /* UI_通讯录1.0 */;
			targetProxy = 8559B62F1B8C749500896CFC /* PBXContainerItemProxy */;
		};
/* End PBXTargetDependency section */

/* Begin PBXVariantGroup section */
		8559B6271B8C749500896CFC /* LaunchScreen.xib */ = {
			isa = PBXVariantGroup;
			children = (
				8559B6281B8C749500896CFC /* Base */,
			);
			name = LaunchScreen.xib;
			sourceTree = "<group>";
		};
/* End PBXVariantGroup section */

/* Begin XCBuildConfiguration section */
		8559B6361B8C749500896CFC /* Debug */ = {
			isa = XCBuildConfiguration;
			buildSettings = {
				ALWAYS_SEARCH_USER_PATHS = NO;
				CLANG_CXX_LANGUAGE_STANDARD = "gnu++0x";
				CLANG_CXX_LIBRARY = "libc++";
				CLANG_ENABLE_MODULES = YES;
				CLANG_ENABLE_OBJC_ARC = YES;
				CLANG_WARN_BOOL_CONVERSION = YES;
				CLANG_WARN_CONSTANT_CONVERSION = YES;
				CLANG_WARN_DIRECT_OBJC_ISA_USAGE = YES_ERROR;
				CLANG_WARN_EMPTY_BODY = YES;
				CLANG_WARN_ENUM_CONVERSION = YES;
				CLANG_WARN_INT_CONVERSION = YES;
				CLANG_WARN_OBJC_ROOT_CLASS = YES_ERROR;
				CLANG_WARN_UNREACHABLE_CODE = YES;
				CLANG_WARN__DUPLICATE_METHOD_MATCH = YES;
				"CODE_SIGN_IDENTITY[sdk=iphoneos*]" = "iPhone Developer";
				COPY_PHASE_STRIP = NO;
				DEBUG_INFORMATION_FORMAT = "dwarf-with-dsym";
				ENABLE_STRICT_OBJC_MSGSEND = YES;
				GCC_C_LANGUAGE_STANDARD = gnu99;
				GCC_DYNAMIC_NO_PIC = NO;
				GCC_NO_COMMON_BLOCKS = YES;
				GCC_OPTIMIZATION_LEVEL = 0;
				GCC_PREPROCESSOR_DEFINITIONS = (
					"DEBUG=1",
					"$(inherited)",
				);
				GCC_SYMBOLS_PRIVATE_EXTERN = NO;
				GCC_WARN_64_TO_32_BIT_CONVERSION = YES;
				GCC_WARN_ABOUT_RETURN_TYPE = YES_ERROR;
				GCC_WARN_UNDECLARED_SELECTOR = YES;
				GCC_WARN_UNINITIALIZED_AUTOS = YES_AGGRESSIVE;
				GCC_WARN_UNUSED_FUNCTION = YES;
				GCC_WARN_UNUSED_VARIABLE = YES;
				IPHONEOS_DEPLOYMENT_TARGET = 8.4;
				MTL_ENABLE_DEBUG_INFO = YES;
				ONLY_ACTIVE_ARCH = YES;
				SDKROOT = iphoneos;
			};
			name = Debug;
		};
		8559B6371B8C749500896CFC /* Release */ = {
			isa = XCBuildConfiguration;
			buildSettings = {
				ALWAYS_SEARCH_USER_PATHS = NO;
				CLANG_CXX_LANGUAGE_STANDARD = "gnu++0x";
				CLANG_CXX_LIBRARY = "libc++";
				CLANG_ENABLE_MODULES = YES;
				CLANG_ENABLE_OBJC_ARC = YES;
				CLANG_WARN_BOOL_CONVERSION = YES;
				CLANG_WARN_CONSTANT_CONVERSION = YES;
				CLANG_WARN_DIRECT_OBJC_ISA_USAGE = YES_ERROR;
				CLANG_WARN_EMPTY_BODY = YES;
				CLANG_WARN_ENUM_CONVERSION = YES;
				CLANG_WARN_INT_CONVERSION = YES;
				CLANG_WARN_OBJC_ROOT_CLASS = YES_ERROR;
				CLANG_WARN_UNREACHABLE_CODE = YES;
				CLANG_WARN__DUPLICATE_METHOD_MATCH = YES;
				"CODE_SIGN_IDENTITY[sdk=iphoneos*]" = "iPhone Developer";
				COPY_PHASE_STRIP = NO;
				DEBUG_INFORMATION_FORMAT = "dwarf-with-dsym";
				ENABLE_NS_ASSERTIONS = NO;
				ENABLE_STRICT_OBJC_MSGSEND = YES;
				GCC_C_LANGUAGE_STANDARD = gnu99;
				GCC_NO_COMMON_BLOCKS = YES;
				GCC_WARN_64_TO_32_BIT_CONVERSION = YES;
				GCC_WARN_ABOUT_RETURN_TYPE = YES_ERROR;
				GCC_WARN_UNDECLARED_SELECTOR = YES;
				GCC_WARN_UNINITIALIZED_AUTOS = YES_AGGRESSIVE;
				GCC_WARN_UNUSED_FUNCTION = YES;
				GCC_WARN_UNUSED_VARIABLE = YES;
				IPHONEOS_DEPLOYMENT_TARGET = 8.4;
				MTL_ENABLE_DEBUG_INFO = NO;
				SDKROOT = iphoneos;
				VALIDATE_PRODUCT = YES;
			};
			name = Release;
		};
		8559B6391B8C749500896CFC /* Debug */ = {
			isa = XCBuildConfiguration;
			buildSettings = {
				ASSETCATALOG_COMPILER_APPICON_NAME = AppIcon;
				INFOPLIST_FILE = "UI_通讯录1.0/Info.plist";
				LD_RUNPATH_SEARCH_PATHS = "$(inherited) @executable_path/Frameworks";
				PRODUCT_NAME = "$(TARGET_NAME)";
			};
			name = Debug;
		};
		8559B63A1B8C749500896CFC /* Release */ = {
			isa = XCBuildConfiguration;
			buildSettings = {
				ASSETCATALOG_COMPILER_APPICON_NAME = AppIcon;
				INFOPLIST_FILE = "UI_通讯录1.0/Info.plist";
				LD_RUNPATH_SEARCH_PATHS = "$(inherited) @executable_path/Frameworks";
				PRODUCT_NAME = "$(TARGET_NAME)";
			};
			name = Release;
		};
		8559B63C1B8C749500896CFC /* Debug */ = {
			isa = XCBuildConfiguration;
			buildSettings = {
				BUNDLE_LOADER = "$(TEST_HOST)";
				FRAMEWORK_SEARCH_PATHS = (
					"$(SDKROOT)/Developer/Library/Frameworks",
					"$(inherited)",
				);
				GCC_PREPROCESSOR_DEFINITIONS = (
					"DEBUG=1",
					"$(inherited)",
				);
				INFOPLIST_FILE = "UI_通讯录1.0Tests/Info.plist";
				LD_RUNPATH_SEARCH_PATHS = "$(inherited) @executable_path/Frameworks @loader_path/Frameworks";
				PRODUCT_NAME = "$(TARGET_NAME)";
				TEST_HOST = "$(BUILT_PRODUCTS_DIR)/UI_通讯录1.0.app/UI_通讯录1.0";
			};
			name = Debug;
		};
		8559B63D1B8C749500896CFC /* Release */ = {
			isa = XCBuildConfiguration;
			buildSettings = {
				BUNDLE_LOADER = "$(TEST_HOST)";
				FRAMEWORK_SEARCH_PATHS = (
					"$(SDKROOT)/Developer/Library/Frameworks",
					"$(inherited)",
				);
				INFOPLIST_FILE = "UI_通讯录1.0Tests/Info.plist";
				LD_RUNPATH_SEARCH_PATHS = "$(inherited) @executable_path/Frameworks @loader_path/Frameworks";
				PRODUCT_NAME = "$(TARGET_NAME)";
				TEST_HOST = "$(BUILT_PRODUCTS_DIR)/UI_通讯录1.0.app/UI_通讯录1.0";
			};
			name = Release;
		};
/* End XCBuildConfiguration section */

/* Begin XCConfigurationList section */
		8559B6161B8C749500896CFC /* Build configuration list for PBXProject "UI_通讯录1.0" */ = {
			isa = XCConfigurationList;
			buildConfigurations = (
				8559B6361B8C749500896CFC /* Debug */,
				8559B6371B8C749500896CFC /* Release */,
			);
			defaultConfigurationIsVisible = 0;
			defaultConfigurationName = Release;
		};
		8559B6381B8C749500896CFC /* Build configuration list for PBXNativeTarget "UI_通讯录1.0" */ = {
			isa = XCConfigurationList;
			buildConfigurations = (
				8559B6391B8C749500896CFC /* Debug */,
				8559B63A1B8C749500896CFC /* Release */,
			);
			defaultConfigurationIsVisible = 0;
		};
		8559B63B1B8C749500896CFC /* Build configuration list for PBXNativeTarget "UI_通讯录1.0Tests" */ = {
			isa = XCConfigurationList;
			buildConfigurations = (
				8559B63C1B8C749500896CFC /* Debug */,
				8559B63D1B8C749500896CFC /* Release */,
			);
			defaultConfigurationIsVisible = 0;
		};
/* End XCConfigurationList section */
	};
	rootObject = 8559B6131B8C749500896CFC /* Project object */;
}
